
Microsoft Visual Studio Solution File, Format Version 12.00
Project("{FAE04EC0-301F-11D3-BF4B-00C04F79EFBC}") = "Util", "Util\Util.csproj", "{FE11AEB3-1DCA-4965-99F0-94776340AB1D}"
EndProject
Project("{FAE04EC0-301F-11D3-BF4B-00C04F79EFBC}") = "Service", "Service\Service.csproj", "{3852FCB8-E063-48F4-9F69-3964CD187BA8}"
EndProject
Global
	GlobalSection(SolutionConfigurationPlatforms) = preSolution
		Debug|Any CPU = Debug|Any CPU
		Release|Any CPU = Release|Any CPU
	EndGlobalSection
	GlobalSection(ProjectConfigurationPlatforms) = postSolution
		{FE11AEB3-1DCA-4965-99F0-94776340AB1D}.Debug|Any CPU.ActiveCfg = Debug|Any CPU
		{FE11AEB3-1DCA-4965-99F0-94776340AB1D}.Debug|Any CPU.Build.0 = Debug|Any CPU
		{FE11AEB3-1DCA-4965-99F0-94776340AB1D}.Release|Any CPU.ActiveCfg = Release|Any CPU
		{FE11AEB3-1DCA-4965-99F0-94776340AB1D}.Release|Any CPU.Build.0 = Release|Any CPU
		{3852FCB8-E063-48F4-9F69-3964CD187BA8}.Debug|Any CPU.ActiveCfg = Debug|Any CPU
		{3852FCB8-E063-48F4-9F69-3964CD187BA8}.Debug|Any CPU.Build.0 = Debug|Any CPU
		{3852FCB8-E063-48F4-9F69-3964CD187BA8}.Release|Any CPU.ActiveCfg = Release|Any CPU
		{3852FCB8-E063-48F4-9F69-3964CD187BA8}.Release|Any CPU.Build.0 = Release|Any CPU
	EndGlobalSection
EndGlobal
